{
  "name": "powerpanel",
  "version": "1.0.0",
  "lockfileVersion": 2,
  "requires": true,
  "packages": {
    "": {
      "name": "powerpanel",
      "version": "1.0.0",
      "license": "ISC",
      "dependencies": {
        "@fortawesome/fontawesome-free": "^5.15.4",
        "animate.css": "^4.1.1",
        "axios": "^0.24.0",
        "js-cookie": "^3.0.1",
        "normalize.css": "^8.0.1",
        "pp-drawer.js": "^1.0.6",
        "pp-events": "^1.2.1",
        "pp-model.js": "^1.2.5",
        "pp-router.js": "^2.1.6"
      }
    },
    "node_modules/@fortawesome/fontawesome-free": {
      "version": "5.15.4",
      "resolved": "https://registry.npmjs.org/@fortawesome/fontawesome-free/-/fontawesome-free-5.15.4.tgz",
      "integrity": "sha512-eYm8vijH/hpzr/6/1CJ/V/Eb1xQFW2nnUKArb3z+yUWv7HTwj6M7SP957oMjfZjAHU6qpoNc2wQvIxBLWYa/Jg==",
      "hasInstallScript": true,
      "engines": {
        "node": ">=6"
      }
    },
    "node_modules/animate.css": {
      "version": "4.1.1",
      "resolved": "https://registry.npmjs.org/animate.css/-/animate.css-4.1.1.tgz",
      "integrity": "sha512-+mRmCTv6SbCmtYJCN4faJMNFVNN5EuCTTprDTAo7YzIGji2KADmakjVA3+8mVDkZ2Bf09vayB35lSQIex2+QaQ=="
    },
    "node_modules/axios": {
      "version": "0.24.0",
      "resolved": "https://registry.npmjs.org/axios/-/axios-0.24.0.tgz",
      "integrity": "sha512-Q6cWsys88HoPgAaFAVUb0WpPk0O8iTeisR9IMqy9G8AbO4NlpVknrnQS03zzF9PGAWgO3cgletO3VjV/P7VztA==",
      "dependencies": {
        "follow-redirects": "^1.14.4"
      }
    },
    "node_modules/follow-redirects": {
      "version": "1.14.6",
      "resolved": "https://registry.npmjs.org/follow-redirects/-/follow-redirects-1.14.6.tgz",
      "integrity": "sha512-fhUl5EwSJbbl8AR+uYL2KQDxLkdSjZGR36xy46AO7cOMTrCMON6Sa28FmAnC2tRTDbd/Uuzz3aJBv7EBN7JH8A==",
      "funding": [
        {
          "type": "individual",
          "url": "https://github.com/sponsors/RubenVerborgh"
        }
      ],
      "engines": {
        "node": ">=4.0"
      },
      "peerDependenciesMeta": {
        "debug": {
          "optional": true
        }
      }
    },
    "node_modules/js-cookie": {
      "version": "3.0.1",
      "resolved": "https://registry.npmjs.org/js-cookie/-/js-cookie-3.0.1.tgz",
      "integrity": "sha512-+0rgsUXZu4ncpPxRL+lNEptWMOWl9etvPHc/koSRp6MPwpRYAhmk0dUG00J4bxVV3r9uUzfo24wW0knS07SKSw==",
      "engines": {
        "node": ">=12"
      }
    },
    "node_modules/normalize.css": {
      "version": "8.0.1",
      "resolved": "https://registry.npmjs.org/normalize.css/-/normalize.css-8.0.1.tgz",
      "integrity": "sha512-qizSNPO93t1YUuUhP22btGOo3chcvDFqFaj2TRybP0DMxkHOCTYwp3n34fel4a31ORXy4m1Xq0Gyqpb5m33qIg=="
    },
    "node_modules/pp-drawer.js": {
      "version": "1.0.6",
      "resolved": "https://registry.npmjs.org/pp-drawer.js/-/pp-drawer.js-1.0.6.tgz",
      "integrity": "sha512-vAtxHegOVrJYGyqkz4uVsTdrn9/CODZeLZ2/Q4fWSwuLdsvb9Y9HWYIIlpV642sNEKNtOJdQzCwOtnu4XMiGqQ=="
    },
    "node_modules/pp-events": {
      "version": "1.2.1",
      "resolved": "https://registry.npmjs.org/pp-events/-/pp-events-1.2.1.tgz",
      "integrity": "sha512-7tPispwMu4leLzugU8vqNdGMIwopCZ5VqxS0Y1J3aVPhvN2ASGo1FuO6eDOH2OeDEVTeTpCIKZceNGES8nSXXg==",
      "dependencies": {
        "pp-is": "^1.0.0"
      }
    },
    "node_modules/pp-is": {
      "version": "1.0.7",
      "resolved": "https://registry.npmjs.org/pp-is/-/pp-is-1.0.7.tgz",
      "integrity": "sha512-JFzzormJBKrgMwkYO/G59jKvCAoNfSPYrHkjN2ObejXpF9QHe17M1r7A3mVYaCbm/hvX6ubx0/x+jWeLaSK4Qw=="
    },
    "node_modules/pp-model.js": {
      "version": "1.2.5",
      "resolved": "https://registry.npmjs.org/pp-model.js/-/pp-model.js-1.2.5.tgz",
      "integrity": "sha512-d4hmwOcJJ731sL9iv/1OU7aHULtJQbftlHat8CKy5rGuyZHFWFHxiA2J5IO3dJ5+uz+wtnU35/sQ7NDPcGN5qQ==",
      "dependencies": {
        "pp-events": "^1.0.9",
        "pp-is": "^1.0.1",
        "pp-validate": "^1.0.0"
      }
    },
    "node_modules/pp-router.js": {
      "version": "2.1.6",
      "resolved": "https://registry.npmjs.org/pp-router.js/-/pp-router.js-2.1.6.tgz",
      "integrity": "sha512-VTrwhFFvfCBUiPCGfyJOKAQEIXsEdCg4YF0baSYzcz3+GjdsAwEKpNwS0pkywwk4wxwp7EdTFFda98Fsx+6hvw==",
      "dependencies": {
        "pp-is": "^1.0.0"
      }
    },
    "node_modules/pp-validate": {
      "version": "1.0.1",
      "resolved": "https://registry.npmjs.org/pp-validate/-/pp-validate-1.0.1.tgz",
      "integrity": "sha512-Si29s87JRK+4ilJQTZZW4Abvstu4tgja3P31YBnkXWjZrlsZc5qIH8crImod6otAhyUbJ41nqdsF1e4qm4dJTg==",
      "dependencies": {
        "pp-is": "^1.0.4"
      }
    }
  },
  "dependencies": {
    "@fortawesome/fontawesome-free": {
      "version": "5.15.4",
      "resolved": "https://registry.npmjs.org/@fortawesome/fontawesome-free/-/fontawesome-free-5.15.4.tgz",
      "integrity": "sha512-eYm8vijH/hpzr/6/1CJ/V/Eb1xQFW2nnUKArb3z+yUWv7HTwj6M7SP957oMjfZjAHU6qpoNc2wQvIxBLWYa/Jg=="
    },
    "animate.css": {
      "version": "4.1.1",
      "resolved": "https://registry.npmjs.org/animate.css/-/animate.css-4.1.1.tgz",
      "integrity": "sha512-+mRmCTv6SbCmtYJCN4faJMNFVNN5EuCTTprDTAo7YzIGji2KADmakjVA3+8mVDkZ2Bf09vayB35lSQIex2+QaQ=="
    },
    "axios": {
      "version": "0.24.0",
      "resolved": "https://registry.npmjs.org/axios/-/axios-0.24.0.tgz",
      "integrity": "sha512-Q6cWsys88HoPgAaFAVUb0WpPk0O8iTeisR9IMqy9G8AbO4NlpVknrnQS03zzF9PGAWgO3cgletO3VjV/P7VztA==",
      "requires": {
        "follow-redirects": "^1.14.4"
      }
    },
    "follow-redirects": {
      "version": "1.14.6",
      "resolved": "https://registry.npmjs.org/follow-redirects/-/follow-redirects-1.14.6.tgz",
      "integrity": "sha512-fhUl5EwSJbbl8AR+uYL2KQDxLkdSjZGR36xy46AO7cOMTrCMON6Sa28FmAnC2tRTDbd/Uuzz3aJBv7EBN7JH8A=="
    },
    "js-cookie": {
      "version": "3.0.1",
      "resolved": "https://registry.npmjs.org/js-cookie/-/js-cookie-3.0.1.tgz",
      "integrity": "sha512-+0rgsUXZu4ncpPxRL+lNEptWMOWl9etvPHc/koSRp6MPwpRYAhmk0dUG00J4bxVV3r9uUzfo24wW0knS07SKSw=="
    },
    "normalize.css": {
      "version": "8.0.1",
      "resolved": "https://registry.npmjs.org/normalize.css/-/normalize.css-8.0.1.tgz",
      "integrity": "sha512-qizSNPO93t1YUuUhP22btGOo3chcvDFqFaj2TRybP0DMxkHOCTYwp3n34fel4a31ORXy4m1Xq0Gyqpb5m33qIg=="
    },
    "pp-drawer.js": {
      "version": "1.0.6",
      "resolved": "https://registry.npmjs.org/pp-drawer.js/-/pp-drawer.js-1.0.6.tgz",
      "integrity": "sha512-vAtxHegOVrJYGyqkz4uVsTdrn9/CODZeLZ2/Q4fWSwuLdsvb9Y9HWYIIlpV642sNEKNtOJdQzCwOtnu4XMiGqQ=="
    },
    "pp-events": {
      "version": "1.2.1",
      "resolved": "https://registry.npmjs.org/pp-events/-/pp-events-1.2.1.tgz",
      "integrity": "sha512-7tPispwMu4leLzugU8vqNdGMIwopCZ5VqxS0Y1J3aVPhvN2ASGo1FuO6eDOH2OeDEVTeTpCIKZceNGES8nSXXg==",
      "requires": {
        "pp-is": "^1.0.0"
      }
    },
    "pp-is": {
      "version": "1.0.7",
      "resolved": "https://registry.npmjs.org/pp-is/-/pp-is-1.0.7.tgz",
      "integrity": "sha512-JFzzormJBKrgMwkYO/G59jKvCAoNfSPYrHkjN2ObejXpF9QHe17M1r7A3mVYaCbm/hvX6ubx0/x+jWeLaSK4Qw=="
    },
    "pp-model.js": {
      "version": "1.2.5",
      "resolved": "https://registry.npmjs.org/pp-model.js/-/pp-model.js-1.2.5.tgz",
      "integrity": "sha512-d4hmwOcJJ731sL9iv/1OU7aHULtJQbftlHat8CKy5rGuyZHFWFHxiA2J5IO3dJ5+uz+wtnU35/sQ7NDPcGN5qQ==",
      "requires": {
        "pp-events": "^1.0.9",
        "pp-is": "^1.0.1",
        "pp-validate": "^1.0.0"
      }
    },
    "pp-router.js": {
      "version": "2.1.6",
      "resolved": "https://registry.npmjs.org/pp-router.js/-/pp-router.js-2.1.6.tgz",
      "integrity": "sha512-VTrwhFFvfCBUiPCGfyJOKAQEIXsEdCg4YF0baSYzcz3+GjdsAwEKpNwS0pkywwk4wxwp7EdTFFda98Fsx+6hvw==",
      "requires": {
        "pp-is": "^1.0.0"
      }
    },
    "pp-validate": {
      "version": "1.0.1",
      "resolved": "https://registry.npmjs.org/pp-validate/-/pp-validate-1.0.1.tgz",
      "integrity": "sha512-Si29s87JRK+4ilJQTZZW4Abvstu4tgja3P31YBnkXWjZrlsZc5qIH8crImod6otAhyUbJ41nqdsF1e4qm4dJTg==",
      "requires": {
        "pp-is": "^1.0.4"
      }
    }
  }
}
