{
  "name": "delivery",
  "version": "1.0.0",
  "lockfileVersion": 2,
  "requires": true,
  "packages": {
    "": {
      "name": "delivery",
      "version": "1.0.0",
      "license": "ISC",
      "dependencies": {
        "@fortawesome/fontawesome-free": "^5.15.3",
        "animate.css": "^4.1.1",
        "axios": "^0.21.1",
        "codemirror": "^5.62.2",
        "normalize.css": "^8.0.1",
        "pp-drawer.js": "^1.0.5",
        "pp-events": "^1.0.9",
        "pp-is": "^1.0.0",
        "pp-model.js": "^1.0.9",
        "pp-router.js": "^1.0.7"
      }
    },
    "node_modules/@fortawesome/fontawesome-free": {
      "version": "5.15.3",
      "resolved": "https://registry.npmjs.org/@fortawesome/fontawesome-free/-/fontawesome-free-5.15.3.tgz",
      "integrity": "sha512-rFnSUN/QOtnOAgqFRooTA3H57JLDm0QEG/jPdk+tLQNL/eWd+Aok8g3qCI+Q1xuDPWpGW/i9JySpJVsq8Q0s9w==",
      "hasInstallScript": true,
      "engines": {
        "node": ">=6"
      }
    },
    "node_modules/animate.css": {
      "version": "4.1.1",
      "resolved": "https://registry.npmjs.org/animate.css/-/animate.css-4.1.1.tgz",
      "integrity": "sha512-+mRmCTv6SbCmtYJCN4faJMNFVNN5EuCTTprDTAo7YzIGji2KADmakjVA3+8mVDkZ2Bf09vayB35lSQIex2+QaQ=="
    },
    "node_modules/axios": {
      "version": "0.21.1",
      "resolved": "https://registry.npmjs.org/axios/-/axios-0.21.1.tgz",
      "integrity": "sha512-dKQiRHxGD9PPRIUNIWvZhPTPpl1rf/OxTYKsqKUDjBwYylTvV7SjSHJb9ratfyzM6wCdLCOYLzs73qpg5c4iGA==",
      "dependencies": {
        "follow-redirects": "^1.10.0"
      }
    },
    "node_modules/codemirror": {
      "version": "5.62.2",
      "resolved": "https://registry.npmjs.org/codemirror/-/codemirror-5.62.2.tgz",
      "integrity": "sha512-tVFMUa4J3Q8JUd1KL9yQzQB0/BJt7ZYZujZmTPgo/54Lpuq3ez4C8x/ATUY/wv7b7X3AUq8o3Xd+2C5ZrCGWHw=="
    },
    "node_modules/follow-redirects": {
      "version": "1.13.3",
      "resolved": "https://registry.npmjs.org/follow-redirects/-/follow-redirects-1.13.3.tgz",
      "integrity": "sha512-DUgl6+HDzB0iEptNQEXLx/KhTmDb8tZUHSeLqpnjpknR70H0nC2t9N73BK6fN4hOvJ84pKlIQVQ4k5FFlBedKA==",
      "funding": [
        {
          "type": "individual",
          "url": "https://github.com/sponsors/RubenVerborgh"
        }
      ],
      "engines": {
        "node": ">=4.0"
      },
      "peerDependenciesMeta": {
        "debug": {
          "optional": true
        }
      }
    },
    "node_modules/normalize.css": {
      "version": "8.0.1",
      "resolved": "https://registry.npmjs.org/normalize.css/-/normalize.css-8.0.1.tgz",
      "integrity": "sha512-qizSNPO93t1YUuUhP22btGOo3chcvDFqFaj2TRybP0DMxkHOCTYwp3n34fel4a31ORXy4m1Xq0Gyqpb5m33qIg=="
    },
    "node_modules/pp-drawer.js": {
      "version": "1.0.6",
      "resolved": "https://registry.npmjs.org/pp-drawer.js/-/pp-drawer.js-1.0.6.tgz",
      "integrity": "sha512-vAtxHegOVrJYGyqkz4uVsTdrn9/CODZeLZ2/Q4fWSwuLdsvb9Y9HWYIIlpV642sNEKNtOJdQzCwOtnu4XMiGqQ=="
    },
    "node_modules/pp-events": {
      "version": "1.0.9",
      "resolved": "https://registry.npmjs.org/pp-events/-/pp-events-1.0.9.tgz",
      "integrity": "sha512-QTossMgyAhP68tjPlyL4Kp/pCCuHRN1vw0Vj8qi/CI6wuepKgYrVYH6ZgV2KOBi4S0cFLUB4Z3h+dVNdkxKy3A=="
    },
    "node_modules/pp-is": {
      "version": "1.0.0",
      "resolved": "https://registry.npmjs.org/pp-is/-/pp-is-1.0.0.tgz",
      "integrity": "sha512-/PqJKTHXw1MCBfHdtZgYhr90yRS9kH4+JqZut3OK6VG45sdFGfcoOsNYIqrBL6On2+yIFSABgNOSPzjTnsdVIA=="
    },
    "node_modules/pp-model.js": {
      "version": "1.0.9",
      "resolved": "https://registry.npmjs.org/pp-model.js/-/pp-model.js-1.0.9.tgz",
      "integrity": "sha512-gJN7ucvanYZyyG/TyRqA4/PjEqsuMBUvGIh894UaFcovDFh8mHU4nHivmvScnOAdk/sbK0xbh8D7an5DTxQRMg==",
      "dependencies": {
        "pp-events": "^1.0.8"
      }
    },
    "node_modules/pp-router.js": {
      "version": "1.0.7",
      "resolved": "https://registry.npmjs.org/pp-router.js/-/pp-router.js-1.0.7.tgz",
      "integrity": "sha512-4Ke6ENqxOHf+rJ2ZWGWzkDksgvklQm9bShH6+tJbOC6/neP4io7lLz9mavqm3ZJSghY2TqIC4J1dhNXTIWoEWw=="
    }
  },
  "dependencies": {
    "@fortawesome/fontawesome-free": {
      "version": "5.15.3",
      "resolved": "https://registry.npmjs.org/@fortawesome/fontawesome-free/-/fontawesome-free-5.15.3.tgz",
      "integrity": "sha512-rFnSUN/QOtnOAgqFRooTA3H57JLDm0QEG/jPdk+tLQNL/eWd+Aok8g3qCI+Q1xuDPWpGW/i9JySpJVsq8Q0s9w=="
    },
    "animate.css": {
      "version": "4.1.1",
      "resolved": "https://registry.npmjs.org/animate.css/-/animate.css-4.1.1.tgz",
      "integrity": "sha512-+mRmCTv6SbCmtYJCN4faJMNFVNN5EuCTTprDTAo7YzIGji2KADmakjVA3+8mVDkZ2Bf09vayB35lSQIex2+QaQ=="
    },
    "axios": {
      "version": "0.21.1",
      "resolved": "https://registry.npmjs.org/axios/-/axios-0.21.1.tgz",
      "integrity": "sha512-dKQiRHxGD9PPRIUNIWvZhPTPpl1rf/OxTYKsqKUDjBwYylTvV7SjSHJb9ratfyzM6wCdLCOYLzs73qpg5c4iGA==",
      "requires": {
        "follow-redirects": "^1.10.0"
      }
    },
    "codemirror": {
      "version": "5.62.2",
      "resolved": "https://registry.npmjs.org/codemirror/-/codemirror-5.62.2.tgz",
      "integrity": "sha512-tVFMUa4J3Q8JUd1KL9yQzQB0/BJt7ZYZujZmTPgo/54Lpuq3ez4C8x/ATUY/wv7b7X3AUq8o3Xd+2C5ZrCGWHw=="
    },
    "follow-redirects": {
      "version": "1.13.3",
      "resolved": "https://registry.npmjs.org/follow-redirects/-/follow-redirects-1.13.3.tgz",
      "integrity": "sha512-DUgl6+HDzB0iEptNQEXLx/KhTmDb8tZUHSeLqpnjpknR70H0nC2t9N73BK6fN4hOvJ84pKlIQVQ4k5FFlBedKA=="
    },
    "normalize.css": {
      "version": "8.0.1",
      "resolved": "https://registry.npmjs.org/normalize.css/-/normalize.css-8.0.1.tgz",
      "integrity": "sha512-qizSNPO93t1YUuUhP22btGOo3chcvDFqFaj2TRybP0DMxkHOCTYwp3n34fel4a31ORXy4m1Xq0Gyqpb5m33qIg=="
    },
    "pp-drawer.js": {
      "version": "1.0.6",
      "resolved": "https://registry.npmjs.org/pp-drawer.js/-/pp-drawer.js-1.0.6.tgz",
      "integrity": "sha512-vAtxHegOVrJYGyqkz4uVsTdrn9/CODZeLZ2/Q4fWSwuLdsvb9Y9HWYIIlpV642sNEKNtOJdQzCwOtnu4XMiGqQ=="
    },
    "pp-events": {
      "version": "1.0.9",
      "resolved": "https://registry.npmjs.org/pp-events/-/pp-events-1.0.9.tgz",
      "integrity": "sha512-QTossMgyAhP68tjPlyL4Kp/pCCuHRN1vw0Vj8qi/CI6wuepKgYrVYH6ZgV2KOBi4S0cFLUB4Z3h+dVNdkxKy3A=="
    },
    "pp-is": {
      "version": "1.0.0",
      "resolved": "https://registry.npmjs.org/pp-is/-/pp-is-1.0.0.tgz",
      "integrity": "sha512-/PqJKTHXw1MCBfHdtZgYhr90yRS9kH4+JqZut3OK6VG45sdFGfcoOsNYIqrBL6On2+yIFSABgNOSPzjTnsdVIA=="
    },
    "pp-model.js": {
      "version": "1.0.9",
      "resolved": "https://registry.npmjs.org/pp-model.js/-/pp-model.js-1.0.9.tgz",
      "integrity": "sha512-gJN7ucvanYZyyG/TyRqA4/PjEqsuMBUvGIh894UaFcovDFh8mHU4nHivmvScnOAdk/sbK0xbh8D7an5DTxQRMg==",
      "requires": {
        "pp-events": "^1.0.8"
      }
    },
    "pp-router.js": {
      "version": "1.0.7",
      "resolved": "https://registry.npmjs.org/pp-router.js/-/pp-router.js-1.0.7.tgz",
      "integrity": "sha512-4Ke6ENqxOHf+rJ2ZWGWzkDksgvklQm9bShH6+tJbOC6/neP4io7lLz9mavqm3ZJSghY2TqIC4J1dhNXTIWoEWw=="
    }
  }
}
